// !$*UTF8*$!
{
	archiveVersion = 1;
	classes = {
	};
	objectVersion = 50;
	objects = {

/* Begin PBXBuildFile section */
		4D2E366EB38E69457F5271FA /* Pods_URLSession__Alamofire__Codable.framework in Frameworks */ = {isa = PBXBuildFile; fileRef = BA2D1A55FD9FFFBF5CB8CC66 /* Pods_URLSession__Alamofire__Codable.framework */; };
		F40ADE0626CB3238000B9355 /* CoursesViewController.swift in Sources */ = {isa = PBXBuildFile; fileRef = F40ADE0526CB3238000B9355 /* CoursesViewController.swift */; };
		F40ADE0826CB3677000B9355 /* CourseCell.swift in Sources */ = {isa = PBXBuildFile; fileRef = F40ADE0726CB3677000B9355 /* CourseCell.swift */; };
		F4B2D2D626C9454200D52B06 /* AppDelegate.swift in Sources */ = {isa = PBXBuildFile; fileRef = F4B2D2D526C9454200D52B06 /* AppDelegate.swift */; };
		F4B2D2D826C9454200D52B06 /* SceneDelegate.swift in Sources */ = {isa = PBXBuildFile; fileRef = F4B2D2D726C9454200D52B06 /* SceneDelegate.swift */; };
		F4B2D2DA26C9454200D52B06 /* ViewController.swift in Sources */ = {isa = PBXBuildFile; fileRef = F4B2D2D926C9454200D52B06 /* ViewController.swift */; };
		F4B2D2DD26C9454200D52B06 /* Main.storyboard in Resources */ = {isa = PBXBuildFile; fileRef = F4B2D2DB26C9454200D52B06 /* Main.storyboard */; };
		F4B2D2DF26C9454300D52B06 /* Assets.xcassets in Resources */ = {isa = PBXBuildFile; fileRef = F4B2D2DE26C9454300D52B06 /* Assets.xcassets */; };
		F4B2D2E226C9454300D52B06 /* LaunchScreen.storyboard in Resources */ = {isa = PBXBuildFile; fileRef = F4B2D2E026C9454300D52B06 /* LaunchScreen.storyboard */; };
		F4B2D2EC26C9799700D52B06 /* UserActionCell.swift in Sources */ = {isa = PBXBuildFile; fileRef = F4B2D2EB26C9799700D52B06 /* UserActionCell.swift */; };
		F4B2D2EE26C985EC00D52B06 /* ImageViewController.swift in Sources */ = {isa = PBXBuildFile; fileRef = F4B2D2ED26C985EC00D52B06 /* ImageViewController.swift */; };
		F4F5DBD626CAED5300820626 /* Course.swift in Sources */ = {isa = PBXBuildFile; fileRef = F4F5DBD526CAED5300820626 /* Course.swift */; };
/* End PBXBuildFile section */

/* Begin PBXFileReference section */
		3497E263E8BA1A75E8156E9C /* Pods-URLSession, Alamofire, Codable.debug.xcconfig */ = {isa = PBXFileReference; includeInIndex = 1; lastKnownFileType = text.xcconfig; name = "Pods-URLSession, Alamofire, Codable.debug.xcconfig"; path = "Target Support Files/Pods-URLSession, Alamofire, Codable/Pods-URLSession, Alamofire, Codable.debug.xcconfig"; sourceTree = "<group>"; };
		BA2D1A55FD9FFFBF5CB8CC66 /* Pods_URLSession__Alamofire__Codable.framework */ = {isa = PBXFileReference; explicitFileType = wrapper.framework; includeInIndex = 0; path = Pods_URLSession__Alamofire__Codable.framework; sourceTree = BUILT_PRODUCTS_DIR; };
		E8E79E9A12246CE754B8E4E1 /* Pods-URLSession, Alamofire, Codable.release.xcconfig */ = {isa = PBXFileReference; includeInIndex = 1; lastKnownFileType = text.xcconfig; name = "Pods-URLSession, Alamofire, Codable.release.xcconfig"; path = "Target Support Files/Pods-URLSession, Alamofire, Codable/Pods-URLSession, Alamofire, Codable.release.xcconfig"; sourceTree = "<group>"; };
		F40ADE0526CB3238000B9355 /* CoursesViewController.swift */ = {isa = PBXFileReference; lastKnownFileType = sourcecode.swift; path = CoursesViewController.swift; sourceTree = "<group>"; };
		F40ADE0726CB3677000B9355 /* CourseCell.swift */ = {isa = PBXFileReference; lastKnownFileType = sourcecode.swift; path = CourseCell.swift; sourceTree = "<group>"; };
		F4B2D2D226C9454200D52B06 /* URLSession, Alamofire, Codable.app */ = {isa = PBXFileReference; explicitFileType = wrapper.application; includeInIndex = 0; path = "URLSession, Alamofire, Codable.app"; sourceTree = BUILT_PRODUCTS_DIR; };
		F4B2D2D526C9454200D52B06 /* AppDelegate.swift */ = {isa = PBXFileReference; lastKnownFileType = sourcecode.swift; path = AppDelegate.swift; sourceTree = "<group>"; };
		F4B2D2D726C9454200D52B06 /* SceneDelegate.swift */ = {isa = PBXFileReference; lastKnownFileType = sourcecode.swift; path = SceneDelegate.swift; sourceTree = "<group>"; };
		F4B2D2D926C9454200D52B06 /* ViewController.swift */ = {isa = PBXFileReference; lastKnownFileType = sourcecode.swift; path = ViewController.swift; sourceTree = "<group>"; };
		F4B2D2DC26C9454200D52B06 /* Base */ = {isa = PBXFileReference; lastKnownFileType = file.storyboard; name = Base; path = Base.lproj/Main.storyboard; sourceTree = "<group>"; };
		F4B2D2DE26C9454300D52B06 /* Assets.xcassets */ = {isa = PBXFileReference; lastKnownFileType = folder.assetcatalog; path = Assets.xcassets; sourceTree = "<group>"; };
		F4B2D2E126C9454300D52B06 /* Base */ = {isa = PBXFileReference; lastKnownFileType = file.storyboard; name = Base; path = Base.lproj/LaunchScreen.storyboard; sourceTree = "<group>"; };
		F4B2D2E326C9454300D52B06 /* Info.plist */ = {isa = PBXFileReference; lastKnownFileType = text.plist.xml; path = Info.plist; sourceTree = "<group>"; };
		F4B2D2EB26C9799700D52B06 /* UserActionCell.swift */ = {isa = PBXFileReference; lastKnownFileType = sourcecode.swift; path = UserActionCell.swift; sourceTree = "<group>"; };
		F4B2D2ED26C985EC00D52B06 /* ImageViewController.swift */ = {isa = PBXFileReference; lastKnownFileType = sourcecode.swift; path = ImageViewController.swift; sourceTree = "<group>"; };
		F4F5DBD526CAED5300820626 /* Course.swift */ = {isa = PBXFileReference; lastKnownFileType = sourcecode.swift; path = Course.swift; sourceTree = "<group>"; };
/* End PBXFileReference section */

/* Begin PBXFrameworksBuildPhase section */
		F4B2D2CF26C9454200D52B06 /* Frameworks */ = {
			isa = PBXFrameworksBuildPhase;
			buildActionMask = 2147483647;
			files = (
				4D2E366EB38E69457F5271FA /* Pods_URLSession__Alamofire__Codable.framework in Frameworks */,
			);
			runOnlyForDeploymentPostprocessing = 0;
		};
/* End PBXFrameworksBuildPhase section */

/* Begin PBXGroup section */
		55CAF73A8773F0942FDAC113 /* Frameworks */ = {
			isa = PBXGroup;
			children = (
				BA2D1A55FD9FFFBF5CB8CC66 /* Pods_URLSession__Alamofire__Codable.framework */,
			);
			name = Frameworks;
			sourceTree = "<group>";
		};
		769DF3B5ED2CE36777EDBD61 /* Pods */ = {
			isa = PBXGroup;
			children = (
				3497E263E8BA1A75E8156E9C /* Pods-URLSession, Alamofire, Codable.debug.xcconfig */,
				E8E79E9A12246CE754B8E4E1 /* Pods-URLSession, Alamofire, Codable.release.xcconfig */,
			);
			name = Pods;
			path = Pods;
			sourceTree = "<group>";
		};
		F4B2D2C926C9454200D52B06 = {
			isa = PBXGroup;
			children = (
				F40ADE0526CB3238000B9355 /* CoursesViewController.swift */,
				F40ADE0726CB3677000B9355 /* CourseCell.swift */,
				F4F5DBD526CAED5300820626 /* Course.swift */,
				F4B2D2D426C9454200D52B06 /* URLSession, Alamofire, Codable */,
				F4B2D2D326C9454200D52B06 /* Products */,
				769DF3B5ED2CE36777EDBD61 /* Pods */,
				55CAF73A8773F0942FDAC113 /* Frameworks */,
			);
			sourceTree = "<group>";
		};
		F4B2D2D326C9454200D52B06 /* Products */ = {
			isa = PBXGroup;
			children = (
				F4B2D2D226C9454200D52B06 /* URLSession, Alamofire, Codable.app */,
			);
			name = Products;
			sourceTree = "<group>";
		};
		F4B2D2D426C9454200D52B06 /* URLSession, Alamofire, Codable */ = {
			isa = PBXGroup;
			children = (
				F4B2D2D526C9454200D52B06 /* AppDelegate.swift */,
				F4B2D2D726C9454200D52B06 /* SceneDelegate.swift */,
				F4B2D2D926C9454200D52B06 /* ViewController.swift */,
				F4B2D2DB26C9454200D52B06 /* Main.storyboard */,
				F4B2D2ED26C985EC00D52B06 /* ImageViewController.swift */,
				F4B2D2EB26C9799700D52B06 /* UserActionCell.swift */,
				F4B2D2DE26C9454300D52B06 /* Assets.xcassets */,
				F4B2D2E026C9454300D52B06 /* LaunchScreen.storyboard */,
				F4B2D2E326C9454300D52B06 /* Info.plist */,
			);
			path = "URLSession, Alamofire, Codable";
			sourceTree = "<group>";
		};
/* End PBXGroup section */

/* Begin PBXNativeTarget section */
		F4B2D2D126C9454200D52B06 /* URLSession, Alamofire, Codable */ = {
			isa = PBXNativeTarget;
			buildConfigurationList = F4B2D2E626C9454300D52B06 /* Build configuration list for PBXNativeTarget "URLSession, Alamofire, Codable" */;
			buildPhases = (
				F5BA3258595A6A5A46F194DE /* [CP] Check Pods Manifest.lock */,
				F4B2D2CE26C9454200D52B06 /* Sources */,
				F4B2D2CF26C9454200D52B06 /* Frameworks */,
				F4B2D2D026C9454200D52B06 /* Resources */,
				9DCC2CB899D73F3F349D0750 /* [CP] Embed Pods Frameworks */,
			);
			buildRules = (
			);
			dependencies = (
			);
			name = "URLSession, Alamofire, Codable";
			productName = "URLSession, Alamofire, Codable";
			productReference = F4B2D2D226C9454200D52B06 /* URLSession, Alamofire, Codable.app */;
			productType = "com.apple.product-type.application";
		};
/* End PBXNativeTarget section */

/* Begin PBXProject section */
		F4B2D2CA26C9454200D52B06 /* Project object */ = {
			isa = PBXProject;
			attributes = {
				LastSwiftUpdateCheck = 1250;
				LastUpgradeCheck = 1250;
				TargetAttributes = {
					F4B2D2D126C9454200D52B06 = {
						CreatedOnToolsVersion = 12.5;
					};
				};
			};
			buildConfigurationList = F4B2D2CD26C9454200D52B06 /* Build configuration list for PBXProject "URLSession, Alamofire, Codable" */;
			compatibilityVersion = "Xcode 9.3";
			developmentRegion = en;
			hasScannedForEncodings = 0;
			knownRegions = (
				en,
				Base,
			);
			mainGroup = F4B2D2C926C9454200D52B06;
			productRefGroup = F4B2D2D326C9454200D52B06 /* Products */;
			projectDirPath = "";
			projectRoot = "";
			targets = (
				F4B2D2D126C9454200D52B06 /* URLSession, Alamofire, Codable */,
			);
		};
/* End PBXProject section */

/* Begin PBXResourcesBuildPhase section */
		F4B2D2D026C9454200D52B06 /* Resources */ = {
			isa = PBXResourcesBuildPhase;
			buildActionMask = 2147483647;
			files = (
				F4B2D2E226C9454300D52B06 /* LaunchScreen.storyboard in Resources */,
				F4B2D2DF26C9454300D52B06 /* Assets.xcassets in Resources */,
				F4B2D2DD26C9454200D52B06 /* Main.storyboard in Resources */,
			);
			runOnlyForDeploymentPostprocessing = 0;
		};
/* End PBXResourcesBuildPhase section */

/* Begin PBXShellScriptBuildPhase section */
		9DCC2CB899D73F3F349D0750 /* [CP] Embed Pods Frameworks */ = {
			isa = PBXShellScriptBuildPhase;
			buildActionMask = 2147483647;
			files = (
			);
			inputFileListPaths = (
				"${PODS_ROOT}/Target Support Files/Pods-URLSession, Alamofire, Codable/Pods-URLSession, Alamofire, Codable-frameworks-${CONFIGURATION}-input-files.xcfilelist",
			);
			name = "[CP] Embed Pods Frameworks";
			outputFileListPaths = (
				"${PODS_ROOT}/Target Support Files/Pods-URLSession, Alamofire, Codable/Pods-URLSession, Alamofire, Codable-frameworks-${CONFIGURATION}-output-files.xcfilelist",
			);
			runOnlyForDeploymentPostprocessing = 0;
			shellPath = /bin/sh;
			shellScript = "\"${PODS_ROOT}/Target Support Files/Pods-URLSession, Alamofire, Codable/Pods-URLSession, Alamofire, Codable-frameworks.sh\"\n";
			showEnvVarsInLog = 0;
		};
		F5BA3258595A6A5A46F194DE /* [CP] Check Pods Manifest.lock */ = {
			isa = PBXShellScriptBuildPhase;
			buildActionMask = 2147483647;
			files = (
			);
			inputFileListPaths = (
			);
			inputPaths = (
				"${PODS_PODFILE_DIR_PATH}/Podfile.lock",
				"${PODS_ROOT}/Manifest.lock",
			);
			name = "[CP] Check Pods Manifest.lock";
			outputFileListPaths = (
			);
			outputPaths = (
				"$(DERIVED_FILE_DIR)/Pods-URLSession, Alamofire, Codable-checkManifestLockResult.txt",
			);
			runOnlyForDeploymentPostprocessing = 0;
			shellPath = /bin/sh;
			shellScript = "diff \"${PODS_PODFILE_DIR_PATH}/Podfile.lock\" \"${PODS_ROOT}/Manifest.lock\" > /dev/null\nif [ $? != 0 ] ; then\n    # print error to STDERR\n    echo \"error: The sandbox is not in sync with the Podfile.lock. Run 'pod install' or update your CocoaPods installation.\" >&2\n    exit 1\nfi\n# This output is used by Xcode 'outputs' to avoid re-running this script phase.\necho \"SUCCESS\" > \"${SCRIPT_OUTPUT_FILE_0}\"\n";
			showEnvVarsInLog = 0;
		};
/* End PBXShellScriptBuildPhase section */

/* Begin PBXSourcesBuildPhase section */
		F4B2D2CE26C9454200D52B06 /* Sources */ = {
			isa = PBXSourcesBuildPhase;
			buildActionMask = 2147483647;
			files = (
				F4F5DBD626CAED5300820626 /* Course.swift in Sources */,
				F40ADE0626CB3238000B9355 /* CoursesViewController.swift in Sources */,
				F4B2D2EC26C9799700D52B06 /* UserActionCell.swift in Sources */,
				F4B2D2DA26C9454200D52B06 /* ViewController.swift in Sources */,
				F40ADE0826CB3677000B9355 /* CourseCell.swift in Sources */,
				F4B2D2EE26C985EC00D52B06 /* ImageViewController.swift in Sources */,
				F4B2D2D626C9454200D52B06 /* AppDelegate.swift in Sources */,
				F4B2D2D826C9454200D52B06 /* SceneDelegate.swift in Sources */,
			);
			runOnlyForDeploymentPostprocessing = 0;
		};
/* End PBXSourcesBuildPhase section */

/* Begin PBXVariantGroup section */
		F4B2D2DB26C9454200D52B06 /* Main.storyboard */ = {
			isa = PBXVariantGroup;
			children = (
				F4B2D2DC26C9454200D52B06 /* Base */,
			);
			name = Main.storyboard;
			sourceTree = "<group>";
		};
		F4B2D2E026C9454300D52B06 /* LaunchScreen.storyboard */ = {
			isa = PBXVariantGroup;
			children = (
				F4B2D2E126C9454300D52B06 /* Base */,
			);
			name = LaunchScreen.storyboard;
			sourceTree = "<group>";
		};
/* End PBXVariantGroup section */

/* Begin XCBuildConfiguration section */
		F4B2D2E426C9454300D52B06 /* Debug */ = {
			isa = XCBuildConfiguration;
			buildSettings = {
				ALWAYS_SEARCH_USER_PATHS = NO;
				CLANG_ANALYZER_NONNULL = YES;
				CLANG_ANALYZER_NUMBER_OBJECT_CONVERSION = YES_AGGRESSIVE;
				CLANG_CXX_LANGUAGE_STANDARD = "gnu++14";
				CLANG_CXX_LIBRARY = "libc++";
				CLANG_ENABLE_MODULES = YES;
				CLANG_ENABLE_OBJC_ARC = YES;
				CLANG_ENABLE_OBJC_WEAK = YES;
				CLANG_WARN_BLOCK_CAPTURE_AUTORELEASING = YES;
				CLANG_WARN_BOOL_CONVERSION = YES;
				CLANG_WARN_COMMA = YES;
				CLANG_WARN_CONSTANT_CONVERSION = YES;
				CLANG_WARN_DEPRECATED_OBJC_IMPLEMENTATIONS = YES;
				CLANG_WARN_DIRECT_OBJC_ISA_USAGE = YES_ERROR;
				CLANG_WARN_DOCUMENTATION_COMMENTS = YES;
				CLANG_WARN_EMPTY_BODY = YES;
				CLANG_WARN_ENUM_CONVERSION = YES;
				CLANG_WARN_INFINITE_RECURSION = YES;
				CLANG_WARN_INT_CONVERSION = YES;
				CLANG_WARN_NON_LITERAL_NULL_CONVERSION = YES;
				CLANG_WARN_OBJC_IMPLICIT_RETAIN_SELF = YES;
				CLANG_WARN_OBJC_LITERAL_CONVERSION = YES;
				CLANG_WARN_OBJC_ROOT_CLASS = YES_ERROR;
				CLANG_WARN_QUOTED_INCLUDE_IN_FRAMEWORK_HEADER = YES;
				CLANG_WARN_RANGE_LOOP_ANALYSIS = YES;
				CLANG_WARN_STRICT_PROTOTYPES = YES;
				CLANG_WARN_SUSPICIOUS_MOVE = YES;
				CLANG_WARN_UNGUARDED_AVAILABILITY = YES_AGGRESSIVE;
				CLANG_WARN_UNREACHABLE_CODE = YES;
				CLANG_WARN__DUPLICATE_METHOD_MATCH = YES;
				COPY_PHASE_STRIP = NO;
				DEBUG_INFORMATION_FORMAT = dwarf;
				ENABLE_STRICT_OBJC_MSGSEND = YES;
				ENABLE_TESTABILITY = YES;
				GCC_C_LANGUAGE_STANDARD = gnu11;
				GCC_DYNAMIC_NO_PIC = NO;
				GCC_NO_COMMON_BLOCKS = YES;
				GCC_OPTIMIZATION_LEVEL = 0;
				GCC_PREPROCESSOR_DEFINITIONS = (
					"DEBUG=1",
					"$(inherited)",
				);
				GCC_WARN_64_TO_32_BIT_CONVERSION = YES;
				GCC_WARN_ABOUT_RETURN_TYPE = YES_ERROR;
				GCC_WARN_UNDECLARED_SELECTOR = YES;
				GCC_WARN_UNINITIALIZED_AUTOS = YES_AGGRESSIVE;
				GCC_WARN_UNUSED_FUNCTION = YES;
				GCC_WARN_UNUSED_VARIABLE = YES;
				IPHONEOS_DEPLOYMENT_TARGET = 14.5;
				MTL_ENABLE_DEBUG_INFO = INCLUDE_SOURCE;
				MTL_FAST_MATH = YES;
				ONLY_ACTIVE_ARCH = YES;
				SDKROOT = iphoneos;
				SWIFT_ACTIVE_COMPILATION_CONDITIONS = DEBUG;
				SWIFT_OPTIMIZATION_LEVEL = "-Onone";
			};
			name = Debug;
		};
		F4B2D2E526C9454300D52B06 /* Release */ = {
			isa = XCBuildConfiguration;
			buildSettings = {
				ALWAYS_SEARCH_USER_PATHS = NO;
				CLANG_ANALYZER_NONNULL = YES;
				CLANG_ANALYZER_NUMBER_OBJECT_CONVERSION = YES_AGGRESSIVE;
				CLANG_CXX_LANGUAGE_STANDARD = "gnu++14";
				CLANG_CXX_LIBRARY = "libc++";
				CLANG_ENABLE_MODULES = YES;
				CLANG_ENABLE_OBJC_ARC = YES;
				CLANG_ENABLE_OBJC_WEAK = YES;
				CLANG_WARN_BLOCK_CAPTURE_AUTORELEASING = YES;
				CLANG_WARN_BOOL_CONVERSION = YES;
				CLANG_WARN_COMMA = YES;
				CLANG_WARN_CONSTANT_CONVERSION = YES;
				CLANG_WARN_DEPRECATED_OBJC_IMPLEMENTATIONS = YES;
				CLANG_WARN_DIRECT_OBJC_ISA_USAGE = YES_ERROR;
				CLANG_WARN_DOCUMENTATION_COMMENTS = YES;
				CLANG_WARN_EMPTY_BODY = YES;
				CLANG_WARN_ENUM_CONVERSION = YES;
				CLANG_WARN_INFINITE_RECURSION = YES;
				CLANG_WARN_INT_CONVERSION = YES;
				CLANG_WARN_NON_LITERAL_NULL_CONVERSION = YES;
				CLANG_WARN_OBJC_IMPLICIT_RETAIN_SELF = YES;
				CLANG_WARN_OBJC_LITERAL_CONVERSION = YES;
				CLANG_WARN_OBJC_ROOT_CLASS = YES_ERROR;
				CLANG_WARN_QUOTED_INCLUDE_IN_FRAMEWORK_HEADER = YES;
				CLANG_WARN_RANGE_LOOP_ANALYSIS = YES;
				CLANG_WARN_STRICT_PROTOTYPES = YES;
				CLANG_WARN_SUSPICIOUS_MOVE = YES;
				CLANG_WARN_UNGUARDED_AVAILABILITY = YES_AGGRESSIVE;
				CLANG_WARN_UNREACHABLE_CODE = YES;
				CLANG_WARN__DUPLICATE_METHOD_MATCH = YES;
				COPY_PHASE_STRIP = NO;
				DEBUG_INFORMATION_FORMAT = "dwarf-with-dsym";
				ENABLE_NS_ASSERTIONS = NO;
				ENABLE_STRICT_OBJC_MSGSEND = YES;
				GCC_C_LANGUAGE_STANDARD = gnu11;
				GCC_NO_COMMON_BLOCKS = YES;
				GCC_WARN_64_TO_32_BIT_CONVERSION = YES;
				GCC_WARN_ABOUT_RETURN_TYPE = YES_ERROR;
				GCC_WARN_UNDECLARED_SELECTOR = YES;
				GCC_WARN_UNINITIALIZED_AUTOS = YES_AGGRESSIVE;
				GCC_WARN_UNUSED_FUNCTION = YES;
				GCC_WARN_UNUSED_VARIABLE = YES;
				IPHONEOS_DEPLOYMENT_TARGET = 14.5;
				MTL_ENABLE_DEBUG_INFO = NO;
				MTL_FAST_MATH = YES;
				SDKROOT = iphoneos;
				SWIFT_COMPILATION_MODE = wholemodule;
				SWIFT_OPTIMIZATION_LEVEL = "-O";
				VALIDATE_PRODUCT = YES;
			};
			name = Release;
		};
		F4B2D2E726C9454300D52B06 /* Debug */ = {
			isa = XCBuildConfiguration;
			baseConfigurationReference = 3497E263E8BA1A75E8156E9C /* Pods-URLSession, Alamofire, Codable.debug.xcconfig */;
			buildSettings = {
				ASSETCATALOG_COMPILER_APPICON_NAME = AppIcon;
				ASSETCATALOG_COMPILER_GLOBAL_ACCENT_COLOR_NAME = AccentColor;
				CODE_SIGN_STYLE = Automatic;
				DEVELOPMENT_TEAM = 7XLJ4BB85J;
				INFOPLIST_FILE = "URLSession, Alamofire, Codable/Info.plist";
				LD_RUNPATH_SEARCH_PATHS = (
					"$(inherited)",
					"@executable_path/Frameworks",
				);
				PRODUCT_BUNDLE_IDENTIFIER = "S.K.A..URLSession--Alamofire--Codable";
				PRODUCT_NAME = "$(TARGET_NAME)";
				SWIFT_VERSION = 5.0;
				TARGETED_DEVICE_FAMILY = "1,2";
			};
			name = Debug;
		};
		F4B2D2E826C9454300D52B06 /* Release */ = {
			isa = XCBuildConfiguration;
			baseConfigurationReference = E8E79E9A12246CE754B8E4E1 /* Pods-URLSession, Alamofire, Codable.release.xcconfig */;
			buildSettings = {
				ASSETCATALOG_COMPILER_APPICON_NAME = AppIcon;
				ASSETCATALOG_COMPILER_GLOBAL_ACCENT_COLOR_NAME = AccentColor;
				CODE_SIGN_STYLE = Automatic;
				DEVELOPMENT_TEAM = 7XLJ4BB85J;
				INFOPLIST_FILE = "URLSession, Alamofire, Codable/Info.plist";
				LD_RUNPATH_SEARCH_PATHS = (
					"$(inherited)",
					"@executable_path/Frameworks",
				);
				PRODUCT_BUNDLE_IDENTIFIER = "S.K.A..URLSession--Alamofire--Codable";
				PRODUCT_NAME = "$(TARGET_NAME)";
				SWIFT_VERSION = 5.0;
				TARGETED_DEVICE_FAMILY = "1,2";
			};
			name = Release;
		};
/* End XCBuildConfiguration section */

/* Begin XCConfigurationList section */
		F4B2D2CD26C9454200D52B06 /* Build configuration list for PBXProject "URLSession, Alamofire, Codable" */ = {
			isa = XCConfigurationList;
			buildConfigurations = (
				F4B2D2E426C9454300D52B06 /* Debug */,
				F4B2D2E526C9454300D52B06 /* Release */,
			);
			defaultConfigurationIsVisible = 0;
			defaultConfigurationName = Release;
		};
		F4B2D2E626C9454300D52B06 /* Build configuration list for PBXNativeTarget "URLSession, Alamofire, Codable" */ = {
			isa = XCConfigurationList;
			buildConfigurations = (
				F4B2D2E726C9454300D52B06 /* Debug */,
				F4B2D2E826C9454300D52B06 /* Release */,
			);
			defaultConfigurationIsVisible = 0;
			defaultConfigurationName = Release;
		};
/* End XCConfigurationList section */
	};
	rootObject = F4B2D2CA26C9454200D52B06 /* Project object */;
}
